
Microsoft Visual Studio Solution File, Format Version 12.00
# Visual Studio 15
VisualStudioVersion = 15.0.27428.2043
MinimumVisualStudioVersion = 10.0.40219.1
Project("{FAE04EC0-301F-11D3-BF4B-00C04F79EFBC}") = "ShockToothSharpV1", "ShockToothSharpV1\ShockToothSharpV1.csproj", "{4A6C5AA9-6C16-46FE-AB46-E9D19C7A88B1}"
EndProject
Global
	GlobalSection(SolutionConfigurationPlatforms) = preSolution
		Debug|Any CPU = Debug|Any CPU
		Release|Any CPU = Release|Any CPU
	EndGlobalSection
	GlobalSection(ProjectConfigurationPlatforms) = postSolution
		{4A6C5AA9-6C16-46FE-AB46-E9D19C7A88B1}.Debug|Any CPU.ActiveCfg = Debug|Any CPU
		{4A6C5AA9-6C16-46FE-AB46-E9D19C7A88B1}.Debug|Any CPU.Build.0 = Debug|Any CPU
		{4A6C5AA9-6C16-46FE-AB46-E9D19C7A88B1}.Release|Any CPU.ActiveCfg = Release|Any CPU
		{4A6C5AA9-6C16-46FE-AB46-E9D19C7A88B1}.Release|Any CPU.Build.0 = Release|Any CPU
	EndGlobalSection
	GlobalSection(SolutionProperties) = preSolution
		HideSolutionNode = FALSE
	EndGlobalSection
	GlobalSection(ExtensibilityGlobals) = postSolution
		SolutionGuid = {996CB7FE-1260-4F31-985B-67CB51B5D748}
	EndGlobalSection
EndGlobal
